
Microsoft Visual Studio Solution File, Format Version 12.00
# Visual Studio Version 16
VisualStudioVersion = 16.0.29215.179
MinimumVisualStudioVersion = 10.0.40219.1
Project("{9A19103F-16F7-4668-BE54-9A1E7A4F7556}") = "InternetShop", "InternetShop.csproj", "{82A4AEB0-EEDB-48E6-AC87-111A15EE0DE6}"
EndProject
Project("{FAE04EC0-301F-11D3-BF4B-00C04F79EFBC}") = "InternetShop.Tests", "..\InternetShop.Tests\InternetShop.Tests.csproj", "{88B180B9-64C0-49F4-B533-272C647591A4}"
EndProject
Global
	GlobalSection(SolutionConfigurationPlatforms) = preSolution
		Debug|Any CPU = Debug|Any CPU
		Release|Any CPU = Release|Any CPU
	EndGlobalSection
	GlobalSection(ProjectConfigurationPlatforms) = postSolution
		{82A4AEB0-EEDB-48E6-AC87-111A15EE0DE6}.Debug|Any CPU.ActiveCfg = Debug|Any CPU
		{82A4AEB0-EEDB-48E6-AC87-111A15EE0DE6}.Debug|Any CPU.Build.0 = Debug|Any CPU
		{82A4AEB0-EEDB-48E6-AC87-111A15EE0DE6}.Release|Any CPU.ActiveCfg = Release|Any CPU
		{82A4AEB0-EEDB-48E6-AC87-111A15EE0DE6}.Release|Any CPU.Build.0 = Release|Any CPU
		{88B180B9-64C0-49F4-B533-272C647591A4}.Debug|Any CPU.ActiveCfg = Debug|Any CPU
		{88B180B9-64C0-49F4-B533-272C647591A4}.Debug|Any CPU.Build.0 = Debug|Any CPU
		{88B180B9-64C0-49F4-B533-272C647591A4}.Release|Any CPU.ActiveCfg = Release|Any CPU
		{88B180B9-64C0-49F4-B533-272C647591A4}.Release|Any CPU.Build.0 = Release|Any CPU
	EndGlobalSection
	GlobalSection(SolutionProperties) = preSolution
		HideSolutionNode = FALSE
	EndGlobalSection
	GlobalSection(ExtensibilityGlobals) = postSolution
		SolutionGuid = {880C43B2-3551-4DFC-804D-7D0EF4B8BAD0}
	EndGlobalSection
EndGlobal
